
Microsoft Visual Studio Solution File, Format Version 12.00
# Visual Studio Version 17
VisualStudioVersion = 17.5.33502.453
MinimumVisualStudioVersion = 10.0.40219.1
Project("{FAE04EC0-301F-11D3-BF4B-00C04F79EFBC}") = "Client", "Client\Client.csproj", "{8C747C17-499E-4BF2-B05B-4144536E1DC9}"
EndProject
Project("{FAE04EC0-301F-11D3-BF4B-00C04F79EFBC}") = "Supplier", "Supplier\Supplier.csproj", "{F6932534-1E28-42B9-9E7E-2F9AD5130B1F}"
EndProject
Global
	GlobalSection(SolutionConfigurationPlatforms) = preSolution
		Debug|Any CPU = Debug|Any CPU
		Release|Any CPU = Release|Any CPU
	EndGlobalSection
	GlobalSection(ProjectConfigurationPlatforms) = postSolution
		{8C747C17-499E-4BF2-B05B-4144536E1DC9}.Debug|Any CPU.ActiveCfg = Debug|Any CPU
		{8C747C17-499E-4BF2-B05B-4144536E1DC9}.Debug|Any CPU.Build.0 = Debug|Any CPU
		{8C747C17-499E-4BF2-B05B-4144536E1DC9}.Release|Any CPU.ActiveCfg = Release|Any CPU
		{8C747C17-499E-4BF2-B05B-4144536E1DC9}.Release|Any CPU.Build.0 = Release|Any CPU
		{F6932534-1E28-42B9-9E7E-2F9AD5130B1F}.Debug|Any CPU.ActiveCfg = Debug|Any CPU
		{F6932534-1E28-42B9-9E7E-2F9AD5130B1F}.Debug|Any CPU.Build.0 = Debug|Any CPU
		{F6932534-1E28-42B9-9E7E-2F9AD5130B1F}.Release|Any CPU.ActiveCfg = Release|Any CPU
		{F6932534-1E28-42B9-9E7E-2F9AD5130B1F}.Release|Any CPU.Build.0 = Release|Any CPU
	EndGlobalSection
	GlobalSection(SolutionProperties) = preSolution
		HideSolutionNode = FALSE
	EndGlobalSection
	GlobalSection(ExtensibilityGlobals) = postSolution
		SolutionGuid = {9F2DBA4A-2B43-4C43-98C6-A8BC124974FA}
	EndGlobalSection
EndGlobal
